// !$*UTF8*$!
{
	archiveVersion = 1;
	classes = {
	};
	objectVersion = 56;
	objects = {

/* Begin PBXBuildFile section */
		23A582F82CCA1DAE00D42B6A /* User.storyboard in Resources */ = {isa = PBXBuildFile; fileRef = 23A582F72CCA1DAE00D42B6A /* User.storyboard */; };
		23A582FA2CCA1DCC00D42B6A /* UserViewController.swift in Sources */ = {isa = PBXBuildFile; fileRef = 23A582F92CCA1DCC00D42B6A /* UserViewController.swift */; };
		23A582FC2CCA1E3100D42B6A /* User.swift in Sources */ = {isa = PBXBuildFile; fileRef = 23A582FB2CCA1E3100D42B6A /* User.swift */; };
		23A582FE2CCA4B9D00D42B6A /* UserViewModel.swift in Sources */ = {isa = PBXBuildFile; fileRef = 23A582FD2CCA4B9D00D42B6A /* UserViewModel.swift */; };
		23A583012CCA51C100D42B6A /* UserTableViewCell.xib in Resources */ = {isa = PBXBuildFile; fileRef = 23A583002CCA51C100D42B6A /* UserTableViewCell.xib */; };
		23A583022CCA51C100D42B6A /* UserTableViewCell.swift in Sources */ = {isa = PBXBuildFile; fileRef = 23A582FF2CCA51C100D42B6A /* UserTableViewCell.swift */; };
		23BA652A2CC905C3002C2A21 /* AppDelegate.swift in Sources */ = {isa = PBXBuildFile; fileRef = 23BA65292CC905C3002C2A21 /* AppDelegate.swift */; };
		23BA652C2CC905C3002C2A21 /* SceneDelegate.swift in Sources */ = {isa = PBXBuildFile; fileRef = 23BA652B2CC905C3002C2A21 /* SceneDelegate.swift */; };
		23BA652E2CC905C3002C2A21 /* ViewController.swift in Sources */ = {isa = PBXBuildFile; fileRef = 23BA652D2CC905C3002C2A21 /* ViewController.swift */; };
		23BA65312CC905C3002C2A21 /* Base in Resources */ = {isa = PBXBuildFile; fileRef = 23BA65302CC905C3002C2A21 /* Base */; };
		23BA65332CC905C5002C2A21 /* Assets.xcassets in Resources */ = {isa = PBXBuildFile; fileRef = 23BA65322CC905C5002C2A21 /* Assets.xcassets */; };
		23BA65362CC905C5002C2A21 /* Base in Resources */ = {isa = PBXBuildFile; fileRef = 23BA65352CC905C5002C2A21 /* Base */; };
		23BA654B2CC90701002C2A21 /* Data.swift in Sources */ = {isa = PBXBuildFile; fileRef = 23BA654A2CC90701002C2A21 /* Data.swift */; };
		23BA654D2CC907D8002C2A21 /* EndPointTypes.swift in Sources */ = {isa = PBXBuildFile; fileRef = 23BA654C2CC907D8002C2A21 /* EndPointTypes.swift */; };
		23BA65502CC90A58002C2A21 /* ApiManager.swift in Sources */ = {isa = PBXBuildFile; fileRef = 23BA654F2CC90A58002C2A21 /* ApiManager.swift */; };
		23BA65522CC90CE1002C2A21 /* ViewModel.swift in Sources */ = {isa = PBXBuildFile; fileRef = 23BA65512CC90CE1002C2A21 /* ViewModel.swift */; };
		23BA65552CC91028002C2A21 /* DataTableViewCell.xib in Resources */ = {isa = PBXBuildFile; fileRef = 23BA65542CC91028002C2A21 /* DataTableViewCell.xib */; };
		23BA65562CC91028002C2A21 /* DataTableViewCell.swift in Sources */ = {isa = PBXBuildFile; fileRef = 23BA65532CC91028002C2A21 /* DataTableViewCell.swift */; };
		23BA65592CC91B85002C2A21 /* SDWebImage in Frameworks */ = {isa = PBXBuildFile; productRef = 23BA65582CC91B85002C2A21 /* SDWebImage */; };
		23BA655B2CC91B85002C2A21 /* SDWebImageMapKit in Frameworks */ = {isa = PBXBuildFile; productRef = 23BA655A2CC91B85002C2A21 /* SDWebImageMapKit */; };
		23BA655D2CC91B90002C2A21 /* SdWebImage.swift in Sources */ = {isa = PBXBuildFile; fileRef = 23BA655C2CC91B90002C2A21 /* SdWebImage.swift */; };
/* End PBXBuildFile section */

/* Begin PBXFileReference section */
		23A582F72CCA1DAE00D42B6A /* User.storyboard */ = {isa = PBXFileReference; lastKnownFileType = file.storyboard; path = User.storyboard; sourceTree = "<group>"; };
		23A582F92CCA1DCC00D42B6A /* UserViewController.swift */ = {isa = PBXFileReference; lastKnownFileType = sourcecode.swift; path = UserViewController.swift; sourceTree = "<group>"; };
		23A582FB2CCA1E3100D42B6A /* User.swift */ = {isa = PBXFileReference; lastKnownFileType = sourcecode.swift; path = User.swift; sourceTree = "<group>"; };
		23A582FD2CCA4B9D00D42B6A /* UserViewModel.swift */ = {isa = PBXFileReference; lastKnownFileType = sourcecode.swift; path = UserViewModel.swift; sourceTree = "<group>"; };
		23A582FF2CCA51C100D42B6A /* UserTableViewCell.swift */ = {isa = PBXFileReference; lastKnownFileType = sourcecode.swift; path = UserTableViewCell.swift; sourceTree = "<group>"; };
		23A583002CCA51C100D42B6A /* UserTableViewCell.xib */ = {isa = PBXFileReference; lastKnownFileType = file.xib; path = UserTableViewCell.xib; sourceTree = "<group>"; };
		23BA65262CC905C3002C2A21 /* Unikwor_Api.app */ = {isa = PBXFileReference; explicitFileType = wrapper.application; includeInIndex = 0; path = Unikwor_Api.app; sourceTree = BUILT_PRODUCTS_DIR; };
		23BA65292CC905C3002C2A21 /* AppDelegate.swift */ = {isa = PBXFileReference; lastKnownFileType = sourcecode.swift; path = AppDelegate.swift; sourceTree = "<group>"; };
		23BA652B2CC905C3002C2A21 /* SceneDelegate.swift */ = {isa = PBXFileReference; lastKnownFileType = sourcecode.swift; path = SceneDelegate.swift; sourceTree = "<group>"; };
		23BA652D2CC905C3002C2A21 /* ViewController.swift */ = {isa = PBXFileReference; lastKnownFileType = sourcecode.swift; path = ViewController.swift; sourceTree = "<group>"; };
		23BA65302CC905C3002C2A21 /* Base */ = {isa = PBXFileReference; lastKnownFileType = file.storyboard; name = Base; path = Base.lproj/Main.storyboard; sourceTree = "<group>"; };
		23BA65322CC905C5002C2A21 /* Assets.xcassets */ = {isa = PBXFileReference; lastKnownFileType = folder.assetcatalog; path = Assets.xcassets; sourceTree = "<group>"; };
		23BA65352CC905C5002C2A21 /* Base */ = {isa = PBXFileReference; lastKnownFileType = file.storyboard; name = Base; path = Base.lproj/LaunchScreen.storyboard; sourceTree = "<group>"; };
		23BA65372CC905C5002C2A21 /* Info.plist */ = {isa = PBXFileReference; lastKnownFileType = text.plist.xml; path = Info.plist; sourceTree = "<group>"; };
		23BA654A2CC90701002C2A21 /* Data.swift */ = {isa = PBXFileReference; lastKnownFileType = sourcecode.swift; path = Data.swift; sourceTree = "<group>"; };
		23BA654C2CC907D8002C2A21 /* EndPointTypes.swift */ = {isa = PBXFileReference; lastKnownFileType = sourcecode.swift; path = EndPointTypes.swift; sourceTree = "<group>"; };
		23BA654F2CC90A58002C2A21 /* ApiManager.swift */ = {isa = PBXFileReference; lastKnownFileType = sourcecode.swift; path = ApiManager.swift; sourceTree = "<group>"; };
		23BA65512CC90CE1002C2A21 /* ViewModel.swift */ = {isa = PBXFileReference; lastKnownFileType = sourcecode.swift; path = ViewModel.swift; sourceTree = "<group>"; };
		23BA65532CC91028002C2A21 /* DataTableViewCell.swift */ = {isa = PBXFileReference; lastKnownFileType = sourcecode.swift; path = DataTableViewCell.swift; sourceTree = "<group>"; };
		23BA65542CC91028002C2A21 /* DataTableViewCell.xib */ = {isa = PBXFileReference; lastKnownFileType = file.xib; path = DataTableViewCell.xib; sourceTree = "<group>"; };
		23BA655C2CC91B90002C2A21 /* SdWebImage.swift */ = {isa = PBXFileReference; lastKnownFileType = sourcecode.swift; path = SdWebImage.swift; sourceTree = "<group>"; };
/* End PBXFileReference section */

/* Begin PBXFrameworksBuildPhase section */
		23BA65232CC905C3002C2A21 /* Frameworks */ = {
			isa = PBXFrameworksBuildPhase;
			buildActionMask = 2147483647;
			files = (
				23BA655B2CC91B85002C2A21 /* SDWebImageMapKit in Frameworks */,
				23BA65592CC91B85002C2A21 /* SDWebImage in Frameworks */,
			);
			runOnlyForDeploymentPostprocessing = 0;
		};
/* End PBXFrameworksBuildPhase section */

/* Begin PBXGroup section */
		23A582EE2CCA1D2700D42B6A /* Data */ = {
			isa = PBXGroup;
			children = (
				23BA65442CC90699002C2A21 /* Controller */,
				23BA65452CC9069C002C2A21 /* ViewModel */,
				23BA65462CC9069E002C2A21 /* View */,
				23BA65472CC906A1002C2A21 /* Model */,
			);
			path = Data;
			sourceTree = "<group>";
		};
		23A582EF2CCA1D4000D42B6A /* User */ = {
			isa = PBXGroup;
			children = (
				23A582F42CCA1D6100D42B6A /* Model */,
				23A582F32CCA1D5E00D42B6A /* View */,
				23A582F22CCA1D5B00D42B6A /* ViewModel */,
				23A582F12CCA1D5700D42B6A /* Controller */,
			);
			path = User;
			sourceTree = "<group>";
		};
		23A582F12CCA1D5700D42B6A /* Controller */ = {
			isa = PBXGroup;
			children = (
				23A582F92CCA1DCC00D42B6A /* UserViewController.swift */,
			);
			path = Controller;
			sourceTree = "<group>";
		};
		23A582F22CCA1D5B00D42B6A /* ViewModel */ = {
			isa = PBXGroup;
			children = (
				23A582FD2CCA4B9D00D42B6A /* UserViewModel.swift */,
			);
			path = ViewModel;
			sourceTree = "<group>";
		};
		23A582F32CCA1D5E00D42B6A /* View */ = {
			isa = PBXGroup;
			children = (
				23A582F62CCA1D8800D42B6A /* XIb */,
				23A582F52CCA1D8400D42B6A /* Storyboard */,
			);
			path = View;
			sourceTree = "<group>";
		};
		23A582F42CCA1D6100D42B6A /* Model */ = {
			isa = PBXGroup;
			children = (
				23A582FB2CCA1E3100D42B6A /* User.swift */,
			);
			path = Model;
			sourceTree = "<group>";
		};
		23A582F52CCA1D8400D42B6A /* Storyboard */ = {
			isa = PBXGroup;
			children = (
				23A582F72CCA1DAE00D42B6A /* User.storyboard */,
			);
			path = Storyboard;
			sourceTree = "<group>";
		};
		23A582F62CCA1D8800D42B6A /* XIb */ = {
			isa = PBXGroup;
			children = (
				23A582FF2CCA51C100D42B6A /* UserTableViewCell.swift */,
				23A583002CCA51C100D42B6A /* UserTableViewCell.xib */,
			);
			path = XIb;
			sourceTree = "<group>";
		};
		23BA651D2CC905C3002C2A21 = {
			isa = PBXGroup;
			children = (
				23BA65282CC905C3002C2A21 /* Unikwor_Api */,
				23BA65272CC905C3002C2A21 /* Products */,
			);
			sourceTree = "<group>";
		};
		23BA65272CC905C3002C2A21 /* Products */ = {
			isa = PBXGroup;
			children = (
				23BA65262CC905C3002C2A21 /* Unikwor_Api.app */,
			);
			name = Products;
			sourceTree = "<group>";
		};
		23BA65282CC905C3002C2A21 /* Unikwor_Api */ = {
			isa = PBXGroup;
			children = (
				23BA65432CC905F6002C2A21 /* Application */,
				23BA65422CC905EE002C2A21 /* Utilities */,
				23BA654E2CC90A40002C2A21 /* APIManager */,
				23BA65412CC905EB002C2A21 /* Helper */,
				23BA65402CC905E8002C2A21 /* Screens */,
				23BA653F2CC905E6002C2A21 /* Manager */,
				23BA653E2CC905DE002C2A21 /* Resources */,
				23BA653D2CC905D8002C2A21 /* LaunchScreen */,
				23BA65372CC905C5002C2A21 /* Info.plist */,
			);
			path = Unikwor_Api;
			sourceTree = "<group>";
		};
		23BA653D2CC905D8002C2A21 /* LaunchScreen */ = {
			isa = PBXGroup;
			children = (
				23BA65342CC905C5002C2A21 /* LaunchScreen.storyboard */,
			);
			path = LaunchScreen;
			sourceTree = "<group>";
		};
		23BA653E2CC905DE002C2A21 /* Resources */ = {
			isa = PBXGroup;
			children = (
				23BA65322CC905C5002C2A21 /* Assets.xcassets */,
			);
			path = Resources;
			sourceTree = "<group>";
		};
		23BA653F2CC905E6002C2A21 /* Manager */ = {
			isa = PBXGroup;
			children = (
			);
			path = Manager;
			sourceTree = "<group>";
		};
		23BA65402CC905E8002C2A21 /* Screens */ = {
			isa = PBXGroup;
			children = (
				23A582EF2CCA1D4000D42B6A /* User */,
				23A582EE2CCA1D2700D42B6A /* Data */,
			);
			path = Screens;
			sourceTree = "<group>";
		};
		23BA65412CC905EB002C2A21 /* Helper */ = {
			isa = PBXGroup;
			children = (
				23BA655C2CC91B90002C2A21 /* SdWebImage.swift */,
			);
			path = Helper;
			sourceTree = "<group>";
		};
		23BA65422CC905EE002C2A21 /* Utilities */ = {
			isa = PBXGroup;
			children = (
				23BA654C2CC907D8002C2A21 /* EndPointTypes.swift */,
			);
			name = Utilities;
			sourceTree = "<group>";
		};
		23BA65432CC905F6002C2A21 /* Application */ = {
			isa = PBXGroup;
			children = (
				23BA65292CC905C3002C2A21 /* AppDelegate.swift */,
				23BA652B2CC905C3002C2A21 /* SceneDelegate.swift */,
			);
			path = Application;
			sourceTree = "<group>";
		};
		23BA65442CC90699002C2A21 /* Controller */ = {
			isa = PBXGroup;
			children = (
				23BA652D2CC905C3002C2A21 /* ViewController.swift */,
			);
			path = Controller;
			sourceTree = "<group>";
		};
		23BA65452CC9069C002C2A21 /* ViewModel */ = {
			isa = PBXGroup;
			children = (
				23BA65512CC90CE1002C2A21 /* ViewModel.swift */,
			);
			path = ViewModel;
			sourceTree = "<group>";
		};
		23BA65462CC9069E002C2A21 /* View */ = {
			isa = PBXGroup;
			children = (
				23BA65492CC906D6002C2A21 /* Storyboard */,
				23BA65482CC906C9002C2A21 /* Xib */,
			);
			path = View;
			sourceTree = "<group>";
		};
		23BA65472CC906A1002C2A21 /* Model */ = {
			isa = PBXGroup;
			children = (
				23BA654A2CC90701002C2A21 /* Data.swift */,
			);
			path = Model;
			sourceTree = "<group>";
		};
		23BA65482CC906C9002C2A21 /* Xib */ = {
			isa = PBXGroup;
			children = (
				23BA65532CC91028002C2A21 /* DataTableViewCell.swift */,
				23BA65542CC91028002C2A21 /* DataTableViewCell.xib */,
			);
			path = Xib;
			sourceTree = "<group>";
		};
		23BA65492CC906D6002C2A21 /* Storyboard */ = {
			isa = PBXGroup;
			children = (
				23BA652F2CC905C3002C2A21 /* Main.storyboard */,
			);
			path = Storyboard;
			sourceTree = "<group>";
		};
		23BA654E2CC90A40002C2A21 /* APIManager */ = {
			isa = PBXGroup;
			children = (
				23BA654F2CC90A58002C2A21 /* ApiManager.swift */,
			);
			path = APIManager;
			sourceTree = "<group>";
		};
/* End PBXGroup section */

/* Begin PBXNativeTarget section */
		23BA65252CC905C3002C2A21 /* Unikwor_Api */ = {
			isa = PBXNativeTarget;
			buildConfigurationList = 23BA653A2CC905C5002C2A21 /* Build configuration list for PBXNativeTarget "Unikwor_Api" */;
			buildPhases = (
				23BA65222CC905C3002C2A21 /* Sources */,
				23BA65232CC905C3002C2A21 /* Frameworks */,
				23BA65242CC905C3002C2A21 /* Resources */,
			);
			buildRules = (
			);
			dependencies = (
			);
			name = Unikwor_Api;
			packageProductDependencies = (
				23BA65582CC91B85002C2A21 /* SDWebImage */,
				23BA655A2CC91B85002C2A21 /* SDWebImageMapKit */,
			);
			productName = Unikwor_Api;
			productReference = 23BA65262CC905C3002C2A21 /* Unikwor_Api.app */;
			productType = "com.apple.product-type.application";
		};
/* End PBXNativeTarget section */

/* Begin PBXProject section */
		23BA651E2CC905C3002C2A21 /* Project object */ = {
			isa = PBXProject;
			attributes = {
				BuildIndependentTargetsInParallel = 1;
				LastSwiftUpdateCheck = 1530;
				LastUpgradeCheck = 1530;
				TargetAttributes = {
					23BA65252CC905C3002C2A21 = {
						CreatedOnToolsVersion = 15.3;
					};
				};
			};
			buildConfigurationList = 23BA65212CC905C3002C2A21 /* Build configuration list for PBXProject "Unikwor_Api" */;
			compatibilityVersion = "Xcode 14.0";
			developmentRegion = en;
			hasScannedForEncodings = 0;
			knownRegions = (
				en,
				Base,
			);
			mainGroup = 23BA651D2CC905C3002C2A21;
			packageReferences = (
				23BA65572CC91B85002C2A21 /* XCRemoteSwiftPackageReference "SDWebImage" */,
			);
			productRefGroup = 23BA65272CC905C3002C2A21 /* Products */;
			projectDirPath = "";
			projectRoot = "";
			targets = (
				23BA65252CC905C3002C2A21 /* Unikwor_Api */,
			);
		};
/* End PBXProject section */

/* Begin PBXResourcesBuildPhase section */
		23BA65242CC905C3002C2A21 /* Resources */ = {
			isa = PBXResourcesBuildPhase;
			buildActionMask = 2147483647;
			files = (
				23BA65332CC905C5002C2A21 /* Assets.xcassets in Resources */,
				23A582F82CCA1DAE00D42B6A /* User.storyboard in Resources */,
				23BA65362CC905C5002C2A21 /* Base in Resources */,
				23BA65312CC905C3002C2A21 /* Base in Resources */,
				23A583012CCA51C100D42B6A /* UserTableViewCell.xib in Resources */,
				23BA65552CC91028002C2A21 /* DataTableViewCell.xib in Resources */,
			);
			runOnlyForDeploymentPostprocessing = 0;
		};
/* End PBXResourcesBuildPhase section */

/* Begin PBXSourcesBuildPhase section */
		23BA65222CC905C3002C2A21 /* Sources */ = {
			isa = PBXSourcesBuildPhase;
			buildActionMask = 2147483647;
			files = (
				23BA652E2CC905C3002C2A21 /* ViewController.swift in Sources */,
				23A582FE2CCA4B9D00D42B6A /* UserViewModel.swift in Sources */,
				23A582FA2CCA1DCC00D42B6A /* UserViewController.swift in Sources */,
				23BA652A2CC905C3002C2A21 /* AppDelegate.swift in Sources */,
				23A583022CCA51C100D42B6A /* UserTableViewCell.swift in Sources */,
				23BA655D2CC91B90002C2A21 /* SdWebImage.swift in Sources */,
				23BA652C2CC905C3002C2A21 /* SceneDelegate.swift in Sources */,
				23BA654D2CC907D8002C2A21 /* EndPointTypes.swift in Sources */,
				23BA65502CC90A58002C2A21 /* ApiManager.swift in Sources */,
				23BA654B2CC90701002C2A21 /* Data.swift in Sources */,
				23BA65522CC90CE1002C2A21 /* ViewModel.swift in Sources */,
				23BA65562CC91028002C2A21 /* DataTableViewCell.swift in Sources */,
				23A582FC2CCA1E3100D42B6A /* User.swift in Sources */,
			);
			runOnlyForDeploymentPostprocessing = 0;
		};
/* End PBXSourcesBuildPhase section */

/* Begin PBXVariantGroup section */
		23BA652F2CC905C3002C2A21 /* Main.storyboard */ = {
			isa = PBXVariantGroup;
			children = (
				23BA65302CC905C3002C2A21 /* Base */,
			);
			name = Main.storyboard;
			sourceTree = "<group>";
		};
		23BA65342CC905C5002C2A21 /* LaunchScreen.storyboard */ = {
			isa = PBXVariantGroup;
			children = (
				23BA65352CC905C5002C2A21 /* Base */,
			);
			name = LaunchScreen.storyboard;
			sourceTree = "<group>";
		};
/* End PBXVariantGroup section */

/* Begin XCBuildConfiguration section */
		23BA65382CC905C5002C2A21 /* Debug */ = {
			isa = XCBuildConfiguration;
			buildSettings = {
				ALWAYS_SEARCH_USER_PATHS = NO;
				ASSETCATALOG_COMPILER_GENERATE_SWIFT_ASSET_SYMBOL_EXTENSIONS = YES;
				CLANG_ANALYZER_NONNULL = YES;
				CLANG_ANALYZER_NUMBER_OBJECT_CONVERSION = YES_AGGRESSIVE;
				CLANG_CXX_LANGUAGE_STANDARD = "gnu++20";
				CLANG_ENABLE_MODULES = YES;
				CLANG_ENABLE_OBJC_ARC = YES;
				CLANG_ENABLE_OBJC_WEAK = YES;
				CLANG_WARN_BLOCK_CAPTURE_AUTORELEASING = YES;
				CLANG_WARN_BOOL_CONVERSION = YES;
				CLANG_WARN_COMMA = YES;
				CLANG_WARN_CONSTANT_CONVERSION = YES;
				CLANG_WARN_DEPRECATED_OBJC_IMPLEMENTATIONS = YES;
				CLANG_WARN_DIRECT_OBJC_ISA_USAGE = YES_ERROR;
				CLANG_WARN_DOCUMENTATION_COMMENTS = YES;
				CLANG_WARN_EMPTY_BODY = YES;
				CLANG_WARN_ENUM_CONVERSION = YES;
				CLANG_WARN_INFINITE_RECURSION = YES;
				CLANG_WARN_INT_CONVERSION = YES;
				CLANG_WARN_NON_LITERAL_NULL_CONVERSION = YES;
				CLANG_WARN_OBJC_IMPLICIT_RETAIN_SELF = YES;
				CLANG_WARN_OBJC_LITERAL_CONVERSION = YES;
				CLANG_WARN_OBJC_ROOT_CLASS = YES_ERROR;
				CLANG_WARN_QUOTED_INCLUDE_IN_FRAMEWORK_HEADER = YES;
				CLANG_WARN_RANGE_LOOP_ANALYSIS = YES;
				CLANG_WARN_STRICT_PROTOTYPES = YES;
				CLANG_WARN_SUSPICIOUS_MOVE = YES;
				CLANG_WARN_UNGUARDED_AVAILABILITY = YES_AGGRESSIVE;
				CLANG_WARN_UNREACHABLE_CODE = YES;
				CLANG_WARN__DUPLICATE_METHOD_MATCH = YES;
				COPY_PHASE_STRIP = NO;
				DEBUG_INFORMATION_FORMAT = dwarf;
				ENABLE_STRICT_OBJC_MSGSEND = YES;
				ENABLE_TESTABILITY = YES;
				ENABLE_USER_SCRIPT_SANDBOXING = YES;
				GCC_C_LANGUAGE_STANDARD = gnu17;
				GCC_DYNAMIC_NO_PIC = NO;
				GCC_NO_COMMON_BLOCKS = YES;
				GCC_OPTIMIZATION_LEVEL = 0;
				GCC_PREPROCESSOR_DEFINITIONS = (
					"DEBUG=1",
					"$(inherited)",
				);
				GCC_WARN_64_TO_32_BIT_CONVERSION = YES;
				GCC_WARN_ABOUT_RETURN_TYPE = YES_ERROR;
				GCC_WARN_UNDECLARED_SELECTOR = YES;
				GCC_WARN_UNINITIALIZED_AUTOS = YES_AGGRESSIVE;
				GCC_WARN_UNUSED_FUNCTION = YES;
				GCC_WARN_UNUSED_VARIABLE = YES;
				IPHONEOS_DEPLOYMENT_TARGET = 17.4;
				LOCALIZATION_PREFERS_STRING_CATALOGS = YES;
				MTL_ENABLE_DEBUG_INFO = INCLUDE_SOURCE;
				MTL_FAST_MATH = YES;
				ONLY_ACTIVE_ARCH = YES;
				SDKROOT = iphoneos;
				SWIFT_ACTIVE_COMPILATION_CONDITIONS = "DEBUG $(inherited)";
				SWIFT_OPTIMIZATION_LEVEL = "-Onone";
			};
			name = Debug;
		};
		23BA65392CC905C5002C2A21 /* Release */ = {
			isa = XCBuildConfiguration;
			buildSettings = {
				ALWAYS_SEARCH_USER_PATHS = NO;
				ASSETCATALOG_COMPILER_GENERATE_SWIFT_ASSET_SYMBOL_EXTENSIONS = YES;
				CLANG_ANALYZER_NONNULL = YES;
				CLANG_ANALYZER_NUMBER_OBJECT_CONVERSION = YES_AGGRESSIVE;
				CLANG_CXX_LANGUAGE_STANDARD = "gnu++20";
				CLANG_ENABLE_MODULES = YES;
				CLANG_ENABLE_OBJC_ARC = YES;
				CLANG_ENABLE_OBJC_WEAK = YES;
				CLANG_WARN_BLOCK_CAPTURE_AUTORELEASING = YES;
				CLANG_WARN_BOOL_CONVERSION = YES;
				CLANG_WARN_COMMA = YES;
				CLANG_WARN_CONSTANT_CONVERSION = YES;
				CLANG_WARN_DEPRECATED_OBJC_IMPLEMENTATIONS = YES;
				CLANG_WARN_DIRECT_OBJC_ISA_USAGE = YES_ERROR;
				CLANG_WARN_DOCUMENTATION_COMMENTS = YES;
				CLANG_WARN_EMPTY_BODY = YES;
				CLANG_WARN_ENUM_CONVERSION = YES;
				CLANG_WARN_INFINITE_RECURSION = YES;
				CLANG_WARN_INT_CONVERSION = YES;
				CLANG_WARN_NON_LITERAL_NULL_CONVERSION = YES;
				CLANG_WARN_OBJC_IMPLICIT_RETAIN_SELF = YES;
				CLANG_WARN_OBJC_LITERAL_CONVERSION = YES;
				CLANG_WARN_OBJC_ROOT_CLASS = YES_ERROR;
				CLANG_WARN_QUOTED_INCLUDE_IN_FRAMEWORK_HEADER = YES;
				CLANG_WARN_RANGE_LOOP_ANALYSIS = YES;
				CLANG_WARN_STRICT_PROTOTYPES = YES;
				CLANG_WARN_SUSPICIOUS_MOVE = YES;
				CLANG_WARN_UNGUARDED_AVAILABILITY = YES_AGGRESSIVE;
				CLANG_WARN_UNREACHABLE_CODE = YES;
				CLANG_WARN__DUPLICATE_METHOD_MATCH = YES;
				COPY_PHASE_STRIP = NO;
				DEBUG_INFORMATION_FORMAT = "dwarf-with-dsym";
				ENABLE_NS_ASSERTIONS = NO;
				ENABLE_STRICT_OBJC_MSGSEND = YES;
				ENABLE_USER_SCRIPT_SANDBOXING = YES;
				GCC_C_LANGUAGE_STANDARD = gnu17;
				GCC_NO_COMMON_BLOCKS = YES;
				GCC_WARN_64_TO_32_BIT_CONVERSION = YES;
				GCC_WARN_ABOUT_RETURN_TYPE = YES_ERROR;
				GCC_WARN_UNDECLARED_SELECTOR = YES;
				GCC_WARN_UNINITIALIZED_AUTOS = YES_AGGRESSIVE;
				GCC_WARN_UNUSED_FUNCTION = YES;
				GCC_WARN_UNUSED_VARIABLE = YES;
				IPHONEOS_DEPLOYMENT_TARGET = 17.4;
				LOCALIZATION_PREFERS_STRING_CATALOGS = YES;
				MTL_ENABLE_DEBUG_INFO = NO;
				MTL_FAST_MATH = YES;
				SDKROOT = iphoneos;
				SWIFT_COMPILATION_MODE = wholemodule;
				VALIDATE_PRODUCT = YES;
			};
			name = Release;
		};
		23BA653B2CC905C5002C2A21 /* Debug */ = {
			isa = XCBuildConfiguration;
			buildSettings = {
				ASSETCATALOG_COMPILER_APPICON_NAME = AppIcon;
				ASSETCATALOG_COMPILER_GLOBAL_ACCENT_COLOR_NAME = AccentColor;
				CODE_SIGN_STYLE = Automatic;
				CURRENT_PROJECT_VERSION = 1;
				GENERATE_INFOPLIST_FILE = YES;
				INFOPLIST_FILE = Unikwor_Api/Info.plist;
				INFOPLIST_KEY_UIApplicationSupportsIndirectInputEvents = YES;
				INFOPLIST_KEY_UILaunchStoryboardName = LaunchScreen;
				INFOPLIST_KEY_UIMainStoryboardFile = User;
				INFOPLIST_KEY_UISupportedInterfaceOrientations_iPad = "UIInterfaceOrientationPortrait UIInterfaceOrientationPortraitUpsideDown UIInterfaceOrientationLandscapeLeft UIInterfaceOrientationLandscapeRight";
				INFOPLIST_KEY_UISupportedInterfaceOrientations_iPhone = "UIInterfaceOrientationPortrait UIInterfaceOrientationLandscapeLeft UIInterfaceOrientationLandscapeRight";
				LD_RUNPATH_SEARCH_PATHS = (
					"$(inherited)",
					"@executable_path/Frameworks",
				);
				MARKETING_VERSION = 1.0;
				PRODUCT_BUNDLE_IDENTIFIER = "com.company.Unikwor-Api";
				PRODUCT_NAME = "$(TARGET_NAME)";
				SWIFT_EMIT_LOC_STRINGS = YES;
				SWIFT_VERSION = 5.0;
				TARGETED_DEVICE_FAMILY = "1,2";
			};
			name = Debug;
		};
		23BA653C2CC905C5002C2A21 /* Release */ = {
			isa = XCBuildConfiguration;
			buildSettings = {
				ASSETCATALOG_COMPILER_APPICON_NAME = AppIcon;
				ASSETCATALOG_COMPILER_GLOBAL_ACCENT_COLOR_NAME = AccentColor;
				CODE_SIGN_STYLE = Automatic;
				CURRENT_PROJECT_VERSION = 1;
				GENERATE_INFOPLIST_FILE = YES;
				INFOPLIST_FILE = Unikwor_Api/Info.plist;
				INFOPLIST_KEY_UIApplicationSupportsIndirectInputEvents = YES;
				INFOPLIST_KEY_UILaunchStoryboardName = LaunchScreen;
				INFOPLIST_KEY_UIMainStoryboardFile = User;
				INFOPLIST_KEY_UISupportedInterfaceOrientations_iPad = "UIInterfaceOrientationPortrait UIInterfaceOrientationPortraitUpsideDown UIInterfaceOrientationLandscapeLeft UIInterfaceOrientationLandscapeRight";
				INFOPLIST_KEY_UISupportedInterfaceOrientations_iPhone = "UIInterfaceOrientationPortrait UIInterfaceOrientationLandscapeLeft UIInterfaceOrientationLandscapeRight";
				LD_RUNPATH_SEARCH_PATHS = (
					"$(inherited)",
					"@executable_path/Frameworks",
				);
				MARKETING_VERSION = 1.0;
				PRODUCT_BUNDLE_IDENTIFIER = "com.company.Unikwor-Api";
				PRODUCT_NAME = "$(TARGET_NAME)";
				SWIFT_EMIT_LOC_STRINGS = YES;
				SWIFT_VERSION = 5.0;
				TARGETED_DEVICE_FAMILY = "1,2";
			};
			name = Release;
		};
/* End XCBuildConfiguration section */

/* Begin XCConfigurationList section */
		23BA65212CC905C3002C2A21 /* Build configuration list for PBXProject "Unikwor_Api" */ = {
			isa = XCConfigurationList;
			buildConfigurations = (
				23BA65382CC905C5002C2A21 /* Debug */,
				23BA65392CC905C5002C2A21 /* Release */,
			);
			defaultConfigurationIsVisible = 0;
			defaultConfigurationName = Release;
		};
		23BA653A2CC905C5002C2A21 /* Build configuration list for PBXNativeTarget "Unikwor_Api" */ = {
			isa = XCConfigurationList;
			buildConfigurations = (
				23BA653B2CC905C5002C2A21 /* Debug */,
				23BA653C2CC905C5002C2A21 /* Release */,
			);
			defaultConfigurationIsVisible = 0;
			defaultConfigurationName = Release;
		};
/* End XCConfigurationList section */

/* Begin XCRemoteSwiftPackageReference section */
		23BA65572CC91B85002C2A21 /* XCRemoteSwiftPackageReference "SDWebImage" */ = {
			isa = XCRemoteSwiftPackageReference;
			repositoryURL = "https://github.com/SDWebImage/SDWebImage";
			requirement = {
				kind = upToNextMajorVersion;
				minimumVersion = 5.19.7;
			};
		};
/* End XCRemoteSwiftPackageReference section */

/* Begin XCSwiftPackageProductDependency section */
		23BA65582CC91B85002C2A21 /* SDWebImage */ = {
			isa = XCSwiftPackageProductDependency;
			package = 23BA65572CC91B85002C2A21 /* XCRemoteSwiftPackageReference "SDWebImage" */;
			productName = SDWebImage;
		};
		23BA655A2CC91B85002C2A21 /* SDWebImageMapKit */ = {
			isa = XCSwiftPackageProductDependency;
			package = 23BA65572CC91B85002C2A21 /* XCRemoteSwiftPackageReference "SDWebImage" */;
			productName = SDWebImageMapKit;
		};
/* End XCSwiftPackageProductDependency section */
	};
	rootObject = 23BA651E2CC905C3002C2A21 /* Project object */;
}
